
Microsoft Visual Studio Solution File, Format Version 12.00
# Visual Studio Version 17
VisualStudioVersion = 17.12.35527.113
MinimumVisualStudioVersion = 10.0.40219.1
Project("{FAE04EC0-301F-11D3-BF4B-00C04F79EFBC}") = "ADO", "ADO\ADO.csproj", "{09619EFC-90C0-4719-9DC6-433798B017AE}"
EndProject
Project("{FAE04EC0-301F-11D3-BF4B-00C04F79EFBC}") = "Connector", "Connector\Connector.csproj", "{2F024A7E-088B-46F6-BC11-FC1C3384E158}"
EndProject
Project("{FAE04EC0-301F-11D3-BF4B-00C04F79EFBC}") = "CheckConnector", "CheckConnector\CheckConnector.csproj", "{432BF533-34EC-4A58-8FB7-6247637C196B}"
EndProject
Global
	GlobalSection(SolutionConfigurationPlatforms) = preSolution
		Debug|Any CPU = Debug|Any CPU
		Release|Any CPU = Release|Any CPU
	EndGlobalSection
	GlobalSection(ProjectConfigurationPlatforms) = postSolution
		{09619EFC-90C0-4719-9DC6-433798B017AE}.Debug|Any CPU.ActiveCfg = Debug|Any CPU
		{09619EFC-90C0-4719-9DC6-433798B017AE}.Debug|Any CPU.Build.0 = Debug|Any CPU
		{09619EFC-90C0-4719-9DC6-433798B017AE}.Release|Any CPU.ActiveCfg = Release|Any CPU
		{09619EFC-90C0-4719-9DC6-433798B017AE}.Release|Any CPU.Build.0 = Release|Any CPU
		{2F024A7E-088B-46F6-BC11-FC1C3384E158}.Debug|Any CPU.ActiveCfg = Debug|Any CPU
		{2F024A7E-088B-46F6-BC11-FC1C3384E158}.Debug|Any CPU.Build.0 = Debug|Any CPU
		{2F024A7E-088B-46F6-BC11-FC1C3384E158}.Release|Any CPU.ActiveCfg = Release|Any CPU
		{2F024A7E-088B-46F6-BC11-FC1C3384E158}.Release|Any CPU.Build.0 = Release|Any CPU
		{432BF533-34EC-4A58-8FB7-6247637C196B}.Debug|Any CPU.ActiveCfg = Debug|Any CPU
		{432BF533-34EC-4A58-8FB7-6247637C196B}.Debug|Any CPU.Build.0 = Debug|Any CPU
		{432BF533-34EC-4A58-8FB7-6247637C196B}.Release|Any CPU.ActiveCfg = Release|Any CPU
		{432BF533-34EC-4A58-8FB7-6247637C196B}.Release|Any CPU.Build.0 = Release|Any CPU
	EndGlobalSection
	GlobalSection(SolutionProperties) = preSolution
		HideSolutionNode = FALSE
	EndGlobalSection
EndGlobal
